
Microsoft Visual Studio Solution File, Format Version 12.00
# Visual Studio 15
Project("{FAE04EC0-301F-11D3-BF4B-00C04F79EFBC}") = "Unity.Timeline", "Unity.Timeline.csproj", "{69436710-5CC3-03F8-12BB-8A24F7A930F8}"
EndProject
Project("{FAE04EC0-301F-11D3-BF4B-00C04F79EFBC}") = "Unity.Timeline.Editor", "Unity.Timeline.Editor.csproj", "{49A2E380-C2DC-F817-55E0-8CA40666D7B4}"
EndProject
Project("{FAE04EC0-301F-11D3-BF4B-00C04F79EFBC}") = "Unity.TextMeshPro.Editor", "Unity.TextMeshPro.Editor.csproj", "{BA8BC5AE-828D-DC26-F363-DA19384A8812}"
EndProject
Project("{FAE04EC0-301F-11D3-BF4B-00C04F79EFBC}") = "Unity.PlasticSCM.Editor", "Unity.PlasticSCM.Editor.csproj", "{2D5EAB84-D0F3-4D0E-3B08-939722614783}"
EndProject
Project("{FAE04EC0-301F-11D3-BF4B-00C04F79EFBC}") = "Unity.VisualScripting.Flow", "Unity.VisualScripting.Flow.csproj", "{ED11FF82-7981-B87F-F148-F5AE6CDD2E49}"
EndProject
Project("{FAE04EC0-301F-11D3-BF4B-00C04F79EFBC}") = "Unity.ProBuilder", "Unity.ProBuilder.csproj", "{0C27D79E-D436-9FFD-03CB-19D9CD331BC9}"
EndProject
Project("{FAE04EC0-301F-11D3-BF4B-00C04F79EFBC}") = "Unity.ProBuilder.Editor", "Unity.ProBuilder.Editor.csproj", "{272472A8-87B9-2294-F6C4-BD563C60FF65}"
EndProject
Project("{FAE04EC0-301F-11D3-BF4B-00C04F79EFBC}") = "Unity.VisualScripting.Core", "Unity.VisualScripting.Core.csproj", "{DDA32885-5928-E806-1A22-5E52F84E864F}"
EndProject
Project("{FAE04EC0-301F-11D3-BF4B-00C04F79EFBC}") = "Unity.VisualScripting.Core.Editor", "Unity.VisualScripting.Core.Editor.csproj", "{B420FBED-7A21-064B-A50D-371B7E2EF43F}"
EndProject
Project("{FAE04EC0-301F-11D3-BF4B-00C04F79EFBC}") = "Unity.VisualScripting.Flow.Editor", "Unity.VisualScripting.Flow.Editor.csproj", "{C976C717-AE86-61D5-9B54-3D9CA091F64C}"
EndProject
Project("{FAE04EC0-301F-11D3-BF4B-00C04F79EFBC}") = "UnityEditor.TestRunner", "UnityEditor.TestRunner.csproj", "{EA050ED4-BA0B-DB09-036D-4A15E1C21F64}"
EndProject
Project("{FAE04EC0-301F-11D3-BF4B-00C04F79EFBC}") = "Unity.ProBuilder.Poly2Tri", "Unity.ProBuilder.Poly2Tri.csproj", "{4A5A21BD-FA13-202E-EF77-B3202809DF98}"
EndProject
Project("{FAE04EC0-301F-11D3-BF4B-00C04F79EFBC}") = "Unity.VisualScripting.SettingsProvider.Editor", "Unity.VisualScripting.SettingsProvider.Editor.csproj", "{F04DAA8C-F329-2D52-73D4-935C9823C17E}"
EndProject
Project("{FAE04EC0-301F-11D3-BF4B-00C04F79EFBC}") = "UnityEngine.TestRunner", "UnityEngine.TestRunner.csproj", "{69672CDB-9144-EAF9-E2E6-291D51BB3C44}"
EndProject
Project("{FAE04EC0-301F-11D3-BF4B-00C04F79EFBC}") = "Unity.ProBuilder.Csg", "Unity.ProBuilder.Csg.csproj", "{AE2E6D5F-22C9-E161-485C-37BF0169752D}"
EndProject
Project("{FAE04EC0-301F-11D3-BF4B-00C04F79EFBC}") = "Unity.VisualStudio.Editor", "Unity.VisualStudio.Editor.csproj", "{49D8A1F3-EB10-536A-542C-F7119D274579}"
EndProject
Project("{FAE04EC0-301F-11D3-BF4B-00C04F79EFBC}") = "Unity.TestTools.CodeCoverage.Editor.OpenCover.Model", "Unity.TestTools.CodeCoverage.Editor.OpenCover.Model.csproj", "{13915680-EF08-AC13-5C44-1D43351B87BB}"
EndProject
Project("{FAE04EC0-301F-11D3-BF4B-00C04F79EFBC}") = "Unity.Rider.Editor", "Unity.Rider.Editor.csproj", "{6636F7B9-47DF-A4C9-438B-B333E59AA0D1}"
EndProject
Project("{FAE04EC0-301F-11D3-BF4B-00C04F79EFBC}") = "Unity.CollabProxy.Editor", "Unity.CollabProxy.Editor.csproj", "{770E9F41-E771-116A-EBE4-C3966D53F801}"
EndProject
Project("{FAE04EC0-301F-11D3-BF4B-00C04F79EFBC}") = "Unity.VisualScripting.State.Editor", "Unity.VisualScripting.State.Editor.csproj", "{04033A9F-EBB2-3850-A762-4C5E89E19C9D}"
EndProject
Project("{FAE04EC0-301F-11D3-BF4B-00C04F79EFBC}") = "Unity.TestTools.CodeCoverage.Editor", "Unity.TestTools.CodeCoverage.Editor.csproj", "{73D1DF4F-E2FE-FB0B-4644-E0E4443CDFE9}"
EndProject
Project("{FAE04EC0-301F-11D3-BF4B-00C04F79EFBC}") = "Unity.VisualScripting.State", "Unity.VisualScripting.State.csproj", "{1DAE874B-304C-2504-0148-4C2792C2F1D9}"
EndProject
Project("{FAE04EC0-301F-11D3-BF4B-00C04F79EFBC}") = "Unity.TextMeshPro", "Unity.TextMeshPro.csproj", "{AF93CE4C-B14B-84BE-42D7-1E030D675CE0}"
EndProject
Project("{FAE04EC0-301F-11D3-BF4B-00C04F79EFBC}") = "Unity.Performance.Profile-Analyzer.Editor", "Unity.Performance.Profile-Analyzer.Editor.csproj", "{DBBEFF75-4714-453A-DB0F-F2AFFB5EA259}"
EndProject
Project("{FAE04EC0-301F-11D3-BF4B-00C04F79EFBC}") = "Unity.VSCode.Editor", "Unity.VSCode.Editor.csproj", "{64333A9C-EEAC-CDF1-A48A-02EFAA381AAA}"
EndProject
Project("{FAE04EC0-301F-11D3-BF4B-00C04F79EFBC}") = "Unity.TestTools.CodeCoverage.Editor.OpenCover.Mono.Reflection", "Unity.TestTools.CodeCoverage.Editor.OpenCover.Mono.Reflection.csproj", "{36FC9B60-AEB1-AB50-0A17-331F50C5D793}"
EndProject
Project("{FAE04EC0-301F-11D3-BF4B-00C04F79EFBC}") = "Unity.ProBuilder.Stl", "Unity.ProBuilder.Stl.csproj", "{089C73A0-6437-63FE-0C3E-606D02370EEA}"
EndProject
Project("{FAE04EC0-301F-11D3-BF4B-00C04F79EFBC}") = "Unity.Settings.Editor", "Unity.Settings.Editor.csproj", "{8DDE0A94-DF1F-353E-3769-2A0C779B07BE}"
EndProject
Project("{FAE04EC0-301F-11D3-BF4B-00C04F79EFBC}") = "Unity.ProBuilder.AssetIdRemapUtility", "Unity.ProBuilder.AssetIdRemapUtility.csproj", "{519566F5-E75F-A314-E5DB-1EB5503E0D47}"
EndProject
Project("{FAE04EC0-301F-11D3-BF4B-00C04F79EFBC}") = "Unity.ProBuilder.KdTree", "Unity.ProBuilder.KdTree.csproj", "{BC33A265-CDC3-D320-ABBB-7CF09A26657B}"
EndProject
Project("{FAE04EC0-301F-11D3-BF4B-00C04F79EFBC}") = "Unity.ProBuilder.AddOns.Editor", "Unity.ProBuilder.AddOns.Editor.csproj", "{4DAF4D86-EFFA-0A08-97F4-C003FCD00A65}"
EndProject
Project("{FAE04EC0-301F-11D3-BF4B-00C04F79EFBC}") = "Unity.EditorCoroutines.Editor", "Unity.EditorCoroutines.Editor.csproj", "{E1E6C87D-6CEB-D0D8-C518-35C644A051DE}"
EndProject
Project("{FAE04EC0-301F-11D3-BF4B-00C04F79EFBC}") = "Assembly-CSharp", "Assembly-CSharp.csproj", "{B96A7914-01F7-DB86-99A7-DC43E124E4DF}"
EndProject
Project("{FAE04EC0-301F-11D3-BF4B-00C04F79EFBC}") = "Unity.VisualScripting.Shared.Editor", "Unity.VisualScripting.Shared.Editor.csproj", "{81BBE3F3-2556-3FB4-2231-A4CA037A3474}"
EndProject
Global
	GlobalSection(SolutionConfigurationPlatforms) = preSolution
		Debug|Any CPU = Debug|Any CPU
		Release|Any CPU = Release|Any CPU
	EndGlobalSection
	GlobalSection(ProjectConfigurationPlatforms) = postSolution
		{69436710-5CC3-03F8-12BB-8A24F7A930F8}.Debug|Any CPU.ActiveCfg = Debug|Any CPU
		{69436710-5CC3-03F8-12BB-8A24F7A930F8}.Debug|Any CPU.Build.0 = Debug|Any CPU
		{69436710-5CC3-03F8-12BB-8A24F7A930F8}.Release|Any CPU.ActiveCfg = Release|Any CPU
		{69436710-5CC3-03F8-12BB-8A24F7A930F8}.Release|Any CPU.Build.0 = Release|Any CPU
		{49A2E380-C2DC-F817-55E0-8CA40666D7B4}.Debug|Any CPU.ActiveCfg = Debug|Any CPU
		{49A2E380-C2DC-F817-55E0-8CA40666D7B4}.Debug|Any CPU.Build.0 = Debug|Any CPU
		{49A2E380-C2DC-F817-55E0-8CA40666D7B4}.Release|Any CPU.ActiveCfg = Release|Any CPU
		{49A2E380-C2DC-F817-55E0-8CA40666D7B4}.Release|Any CPU.Build.0 = Release|Any CPU
		{BA8BC5AE-828D-DC26-F363-DA19384A8812}.Debug|Any CPU.ActiveCfg = Debug|Any CPU
		{BA8BC5AE-828D-DC26-F363-DA19384A8812}.Debug|Any CPU.Build.0 = Debug|Any CPU
		{BA8BC5AE-828D-DC26-F363-DA19384A8812}.Release|Any CPU.ActiveCfg = Release|Any CPU
		{BA8BC5AE-828D-DC26-F363-DA19384A8812}.Release|Any CPU.Build.0 = Release|Any CPU
		{2D5EAB84-D0F3-4D0E-3B08-939722614783}.Debug|Any CPU.ActiveCfg = Debug|Any CPU
		{2D5EAB84-D0F3-4D0E-3B08-939722614783}.Debug|Any CPU.Build.0 = Debug|Any CPU
		{2D5EAB84-D0F3-4D0E-3B08-939722614783}.Release|Any CPU.ActiveCfg = Release|Any CPU
		{2D5EAB84-D0F3-4D0E-3B08-939722614783}.Release|Any CPU.Build.0 = Release|Any CPU
		{ED11FF82-7981-B87F-F148-F5AE6CDD2E49}.Debug|Any CPU.ActiveCfg = Debug|Any CPU
		{ED11FF82-7981-B87F-F148-F5AE6CDD2E49}.Debug|Any CPU.Build.0 = Debug|Any CPU
		{ED11FF82-7981-B87F-F148-F5AE6CDD2E49}.Release|Any CPU.ActiveCfg = Release|Any CPU
		{ED11FF82-7981-B87F-F148-F5AE6CDD2E49}.Release|Any CPU.Build.0 = Release|Any CPU
		{0C27D79E-D436-9FFD-03CB-19D9CD331BC9}.Debug|Any CPU.ActiveCfg = Debug|Any CPU
		{0C27D79E-D436-9FFD-03CB-19D9CD331BC9}.Debug|Any CPU.Build.0 = Debug|Any CPU
		{0C27D79E-D436-9FFD-03CB-19D9CD331BC9}.Release|Any CPU.ActiveCfg = Release|Any CPU
		{0C27D79E-D436-9FFD-03CB-19D9CD331BC9}.Release|Any CPU.Build.0 = Release|Any CPU
		{272472A8-87B9-2294-F6C4-BD563C60FF65}.Debug|Any CPU.ActiveCfg = Debug|Any CPU
		{272472A8-87B9-2294-F6C4-BD563C60FF65}.Debug|Any CPU.Build.0 = Debug|Any CPU
		{272472A8-87B9-2294-F6C4-BD563C60FF65}.Release|Any CPU.ActiveCfg = Release|Any CPU
		{272472A8-87B9-2294-F6C4-BD563C60FF65}.Release|Any CPU.Build.0 = Release|Any CPU
		{DDA32885-5928-E806-1A22-5E52F84E864F}.Debug|Any CPU.ActiveCfg = Debug|Any CPU
		{DDA32885-5928-E806-1A22-5E52F84E864F}.Debug|Any CPU.Build.0 = Debug|Any CPU
		{DDA32885-5928-E806-1A22-5E52F84E864F}.Release|Any CPU.ActiveCfg = Release|Any CPU
		{DDA32885-5928-E806-1A22-5E52F84E864F}.Release|Any CPU.Build.0 = Release|Any CPU
		{B420FBED-7A21-064B-A50D-371B7E2EF43F}.Debug|Any CPU.ActiveCfg = Debug|Any CPU
		{B420FBED-7A21-064B-A50D-371B7E2EF43F}.Debug|Any CPU.Build.0 = Debug|Any CPU
		{B420FBED-7A21-064B-A50D-371B7E2EF43F}.Release|Any CPU.ActiveCfg = Release|Any CPU
		{B420FBED-7A21-064B-A50D-371B7E2EF43F}.Release|Any CPU.Build.0 = Release|Any CPU
		{C976C717-AE86-61D5-9B54-3D9CA091F64C}.Debug|Any CPU.ActiveCfg = Debug|Any CPU
		{C976C717-AE86-61D5-9B54-3D9CA091F64C}.Debug|Any CPU.Build.0 = Debug|Any CPU
		{C976C717-AE86-61D5-9B54-3D9CA091F64C}.Release|Any CPU.ActiveCfg = Release|Any CPU
		{C976C717-AE86-61D5-9B54-3D9CA091F64C}.Release|Any CPU.Build.0 = Release|Any CPU
		{EA050ED4-BA0B-DB09-036D-4A15E1C21F64}.Debug|Any CPU.ActiveCfg = Debug|Any CPU
		{EA050ED4-BA0B-DB09-036D-4A15E1C21F64}.Debug|Any CPU.Build.0 = Debug|Any CPU
		{EA050ED4-BA0B-DB09-036D-4A15E1C21F64}.Release|Any CPU.ActiveCfg = Release|Any CPU
		{EA050ED4-BA0B-DB09-036D-4A15E1C21F64}.Release|Any CPU.Build.0 = Release|Any CPU
		{4A5A21BD-FA13-202E-EF77-B3202809DF98}.Debug|Any CPU.ActiveCfg = Debug|Any CPU
		{4A5A21BD-FA13-202E-EF77-B3202809DF98}.Debug|Any CPU.Build.0 = Debug|Any CPU
		{4A5A21BD-FA13-202E-EF77-B3202809DF98}.Release|Any CPU.ActiveCfg = Release|Any CPU
		{4A5A21BD-FA13-202E-EF77-B3202809DF98}.Release|Any CPU.Build.0 = Release|Any CPU
		{F04DAA8C-F329-2D52-73D4-935C9823C17E}.Debug|Any CPU.ActiveCfg = Debug|Any CPU
		{F04DAA8C-F329-2D52-73D4-935C9823C17E}.Debug|Any CPU.Build.0 = Debug|Any CPU
		{F04DAA8C-F329-2D52-73D4-935C9823C17E}.Release|Any CPU.ActiveCfg = Release|Any CPU
		{F04DAA8C-F329-2D52-73D4-935C9823C17E}.Release|Any CPU.Build.0 = Release|Any CPU
		{69672CDB-9144-EAF9-E2E6-291D51BB3C44}.Debug|Any CPU.ActiveCfg = Debug|Any CPU
		{69672CDB-9144-EAF9-E2E6-291D51BB3C44}.Debug|Any CPU.Build.0 = Debug|Any CPU
		{69672CDB-9144-EAF9-E2E6-291D51BB3C44}.Release|Any CPU.ActiveCfg = Release|Any CPU
		{69672CDB-9144-EAF9-E2E6-291D51BB3C44}.Release|Any CPU.Build.0 = Release|Any CPU
		{AE2E6D5F-22C9-E161-485C-37BF0169752D}.Debug|Any CPU.ActiveCfg = Debug|Any CPU
		{AE2E6D5F-22C9-E161-485C-37BF0169752D}.Debug|Any CPU.Build.0 = Debug|Any CPU
		{AE2E6D5F-22C9-E161-485C-37BF0169752D}.Release|Any CPU.ActiveCfg = Release|Any CPU
		{AE2E6D5F-22C9-E161-485C-37BF0169752D}.Release|Any CPU.Build.0 = Release|Any CPU
		{49D8A1F3-EB10-536A-542C-F7119D274579}.Debug|Any CPU.ActiveCfg = Debug|Any CPU
		{49D8A1F3-EB10-536A-542C-F7119D274579}.Debug|Any CPU.Build.0 = Debug|Any CPU
		{49D8A1F3-EB10-536A-542C-F7119D274579}.Release|Any CPU.ActiveCfg = Release|Any CPU
		{49D8A1F3-EB10-536A-542C-F7119D274579}.Release|Any CPU.Build.0 = Release|Any CPU
		{13915680-EF08-AC13-5C44-1D43351B87BB}.Debug|Any CPU.ActiveCfg = Debug|Any CPU
		{13915680-EF08-AC13-5C44-1D43351B87BB}.Debug|Any CPU.Build.0 = Debug|Any CPU
		{13915680-EF08-AC13-5C44-1D43351B87BB}.Release|Any CPU.ActiveCfg = Release|Any CPU
		{13915680-EF08-AC13-5C44-1D43351B87BB}.Release|Any CPU.Build.0 = Release|Any CPU
		{6636F7B9-47DF-A4C9-438B-B333E59AA0D1}.Debug|Any CPU.ActiveCfg = Debug|Any CPU
		{6636F7B9-47DF-A4C9-438B-B333E59AA0D1}.Debug|Any CPU.Build.0 = Debug|Any CPU
		{6636F7B9-47DF-A4C9-438B-B333E59AA0D1}.Release|Any CPU.ActiveCfg = Release|Any CPU
		{6636F7B9-47DF-A4C9-438B-B333E59AA0D1}.Release|Any CPU.Build.0 = Release|Any CPU
		{770E9F41-E771-116A-EBE4-C3966D53F801}.Debug|Any CPU.ActiveCfg = Debug|Any CPU
		{770E9F41-E771-116A-EBE4-C3966D53F801}.Debug|Any CPU.Build.0 = Debug|Any CPU
		{770E9F41-E771-116A-EBE4-C3966D53F801}.Release|Any CPU.ActiveCfg = Release|Any CPU
		{770E9F41-E771-116A-EBE4-C3966D53F801}.Release|Any CPU.Build.0 = Release|Any CPU
		{04033A9F-EBB2-3850-A762-4C5E89E19C9D}.Debug|Any CPU.ActiveCfg = Debug|Any CPU
		{04033A9F-EBB2-3850-A762-4C5E89E19C9D}.Debug|Any CPU.Build.0 = Debug|Any CPU
		{04033A9F-EBB2-3850-A762-4C5E89E19C9D}.Release|Any CPU.ActiveCfg = Release|Any CPU
		{04033A9F-EBB2-3850-A762-4C5E89E19C9D}.Release|Any CPU.Build.0 = Release|Any CPU
		{73D1DF4F-E2FE-FB0B-4644-E0E4443CDFE9}.Debug|Any CPU.ActiveCfg = Debug|Any CPU
		{73D1DF4F-E2FE-FB0B-4644-E0E4443CDFE9}.Debug|Any CPU.Build.0 = Debug|Any CPU
		{73D1DF4F-E2FE-FB0B-4644-E0E4443CDFE9}.Release|Any CPU.ActiveCfg = Release|Any CPU
		{73D1DF4F-E2FE-FB0B-4644-E0E4443CDFE9}.Release|Any CPU.Build.0 = Release|Any CPU
		{1DAE874B-304C-2504-0148-4C2792C2F1D9}.Debug|Any CPU.ActiveCfg = Debug|Any CPU
		{1DAE874B-304C-2504-0148-4C2792C2F1D9}.Debug|Any CPU.Build.0 = Debug|Any CPU
		{1DAE874B-304C-2504-0148-4C2792C2F1D9}.Release|Any CPU.ActiveCfg = Release|Any CPU
		{1DAE874B-304C-2504-0148-4C2792C2F1D9}.Release|Any CPU.Build.0 = Release|Any CPU
		{AF93CE4C-B14B-84BE-42D7-1E030D675CE0}.Debug|Any CPU.ActiveCfg = Debug|Any CPU
		{AF93CE4C-B14B-84BE-42D7-1E030D675CE0}.Debug|Any CPU.Build.0 = Debug|Any CPU
		{AF93CE4C-B14B-84BE-42D7-1E030D675CE0}.Release|Any CPU.ActiveCfg = Release|Any CPU
		{AF93CE4C-B14B-84BE-42D7-1E030D675CE0}.Release|Any CPU.Build.0 = Release|Any CPU
		{DBBEFF75-4714-453A-DB0F-F2AFFB5EA259}.Debug|Any CPU.ActiveCfg = Debug|Any CPU
		{DBBEFF75-4714-453A-DB0F-F2AFFB5EA259}.Debug|Any CPU.Build.0 = Debug|Any CPU
		{DBBEFF75-4714-453A-DB0F-F2AFFB5EA259}.Release|Any CPU.ActiveCfg = Release|Any CPU
		{DBBEFF75-4714-453A-DB0F-F2AFFB5EA259}.Release|Any CPU.Build.0 = Release|Any CPU
		{64333A9C-EEAC-CDF1-A48A-02EFAA381AAA}.Debug|Any CPU.ActiveCfg = Debug|Any CPU
		{64333A9C-EEAC-CDF1-A48A-02EFAA381AAA}.Debug|Any CPU.Build.0 = Debug|Any CPU
		{64333A9C-EEAC-CDF1-A48A-02EFAA381AAA}.Release|Any CPU.ActiveCfg = Release|Any CPU
		{64333A9C-EEAC-CDF1-A48A-02EFAA381AAA}.Release|Any CPU.Build.0 = Release|Any CPU
		{36FC9B60-AEB1-AB50-0A17-331F50C5D793}.Debug|Any CPU.ActiveCfg = Debug|Any CPU
		{36FC9B60-AEB1-AB50-0A17-331F50C5D793}.Debug|Any CPU.Build.0 = Debug|Any CPU
		{36FC9B60-AEB1-AB50-0A17-331F50C5D793}.Release|Any CPU.ActiveCfg = Release|Any CPU
		{36FC9B60-AEB1-AB50-0A17-331F50C5D793}.Release|Any CPU.Build.0 = Release|Any CPU
		{089C73A0-6437-63FE-0C3E-606D02370EEA}.Debug|Any CPU.ActiveCfg = Debug|Any CPU
		{089C73A0-6437-63FE-0C3E-606D02370EEA}.Debug|Any CPU.Build.0 = Debug|Any CPU
		{089C73A0-6437-63FE-0C3E-606D02370EEA}.Release|Any CPU.ActiveCfg = Release|Any CPU
		{089C73A0-6437-63FE-0C3E-606D02370EEA}.Release|Any CPU.Build.0 = Release|Any CPU
		{8DDE0A94-DF1F-353E-3769-2A0C779B07BE}.Debug|Any CPU.ActiveCfg = Debug|Any CPU
		{8DDE0A94-DF1F-353E-3769-2A0C779B07BE}.Debug|Any CPU.Build.0 = Debug|Any CPU
		{8DDE0A94-DF1F-353E-3769-2A0C779B07BE}.Release|Any CPU.ActiveCfg = Release|Any CPU
		{8DDE0A94-DF1F-353E-3769-2A0C779B07BE}.Release|Any CPU.Build.0 = Release|Any CPU
		{519566F5-E75F-A314-E5DB-1EB5503E0D47}.Debug|Any CPU.ActiveCfg = Debug|Any CPU
		{519566F5-E75F-A314-E5DB-1EB5503E0D47}.Debug|Any CPU.Build.0 = Debug|Any CPU
		{519566F5-E75F-A314-E5DB-1EB5503E0D47}.Release|Any CPU.ActiveCfg = Release|Any CPU
		{519566F5-E75F-A314-E5DB-1EB5503E0D47}.Release|Any CPU.Build.0 = Release|Any CPU
		{BC33A265-CDC3-D320-ABBB-7CF09A26657B}.Debug|Any CPU.ActiveCfg = Debug|Any CPU
		{BC33A265-CDC3-D320-ABBB-7CF09A26657B}.Debug|Any CPU.Build.0 = Debug|Any CPU
		{BC33A265-CDC3-D320-ABBB-7CF09A26657B}.Release|Any CPU.ActiveCfg = Release|Any CPU
		{BC33A265-CDC3-D320-ABBB-7CF09A26657B}.Release|Any CPU.Build.0 = Release|Any CPU
		{4DAF4D86-EFFA-0A08-97F4-C003FCD00A65}.Debug|Any CPU.ActiveCfg = Debug|Any CPU
		{4DAF4D86-EFFA-0A08-97F4-C003FCD00A65}.Debug|Any CPU.Build.0 = Debug|Any CPU
		{4DAF4D86-EFFA-0A08-97F4-C003FCD00A65}.Release|Any CPU.ActiveCfg = Release|Any CPU
		{4DAF4D86-EFFA-0A08-97F4-C003FCD00A65}.Release|Any CPU.Build.0 = Release|Any CPU
		{E1E6C87D-6CEB-D0D8-C518-35C644A051DE}.Debug|Any CPU.ActiveCfg = Debug|Any CPU
		{E1E6C87D-6CEB-D0D8-C518-35C644A051DE}.Debug|Any CPU.Build.0 = Debug|Any CPU
		{E1E6C87D-6CEB-D0D8-C518-35C644A051DE}.Release|Any CPU.ActiveCfg = Release|Any CPU
		{E1E6C87D-6CEB-D0D8-C518-35C644A051DE}.Release|Any CPU.Build.0 = Release|Any CPU
		{B96A7914-01F7-DB86-99A7-DC43E124E4DF}.Debug|Any CPU.ActiveCfg = Debug|Any CPU
		{B96A7914-01F7-DB86-99A7-DC43E124E4DF}.Debug|Any CPU.Build.0 = Debug|Any CPU
		{B96A7914-01F7-DB86-99A7-DC43E124E4DF}.Release|Any CPU.ActiveCfg = Release|Any CPU
		{B96A7914-01F7-DB86-99A7-DC43E124E4DF}.Release|Any CPU.Build.0 = Release|Any CPU
		{81BBE3F3-2556-3FB4-2231-A4CA037A3474}.Debug|Any CPU.ActiveCfg = Debug|Any CPU
		{81BBE3F3-2556-3FB4-2231-A4CA037A3474}.Debug|Any CPU.Build.0 = Debug|Any CPU
		{81BBE3F3-2556-3FB4-2231-A4CA037A3474}.Release|Any CPU.ActiveCfg = Release|Any CPU
		{81BBE3F3-2556-3FB4-2231-A4CA037A3474}.Release|Any CPU.Build.0 = Release|Any CPU
	EndGlobalSection
	GlobalSection(SolutionProperties) = preSolution
		HideSolutionNode = FALSE
	EndGlobalSection
EndGlobal
